// !$*UTF8*$!
{
	archiveVersion = 1;
	classes = {
	};
	objectVersion = 48;
	objects = {

/* Begin PBXBuildFile section */
		37EE687684C9B46DD5FCF9F7 /* Pods_HastenProject.framework in Frameworks */ = {isa = PBXBuildFile; fileRef = 63A9E071A4683A66E8F50D7A /* Pods_HastenProject.framework */; };
		6340268D2014B15200ED8058 /* AppDelegate.swift in Sources */ = {isa = PBXBuildFile; fileRef = 6340268C2014B15200ED8058 /* AppDelegate.swift */; };
		634026922014B15200ED8058 /* Main.storyboard in Resources */ = {isa = PBXBuildFile; fileRef = 634026902014B15200ED8058 /* Main.storyboard */; };
		634026942014B15200ED8058 /* Assets.xcassets in Resources */ = {isa = PBXBuildFile; fileRef = 634026932014B15200ED8058 /* Assets.xcassets */; };
		634026972014B15200ED8058 /* LaunchScreen.storyboard in Resources */ = {isa = PBXBuildFile; fileRef = 634026952014B15200ED8058 /* LaunchScreen.storyboard */; };
		634026A02014B31C00ED8058 /* SportsViewController.swift in Sources */ = {isa = PBXBuildFile; fileRef = 6340269E2014B31C00ED8058 /* SportsViewController.swift */; };
		634026A12014B31C00ED8058 /* SportsViewController.xib in Resources */ = {isa = PBXBuildFile; fileRef = 6340269F2014B31C00ED8058 /* SportsViewController.xib */; };
		634026A52014B34900ED8058 /* Sport.swift in Sources */ = {isa = PBXBuildFile; fileRef = 634026A42014B34900ED8058 /* Sport.swift */; };
		634026A72014B35200ED8058 /* Player.swift in Sources */ = {isa = PBXBuildFile; fileRef = 634026A62014B35200ED8058 /* Player.swift */; };
		634026AA2014B3F500ED8058 /* ApiDataSource.swift in Sources */ = {isa = PBXBuildFile; fileRef = 634026A92014B3F500ED8058 /* ApiDataSource.swift */; };
		634026AC2014B59200ED8058 /* SportsDataSource.swift in Sources */ = {isa = PBXBuildFile; fileRef = 634026AB2014B59200ED8058 /* SportsDataSource.swift */; };
		634026B02014C49400ED8058 /* PlayerCell.swift in Sources */ = {isa = PBXBuildFile; fileRef = 634026AE2014C49400ED8058 /* PlayerCell.swift */; };
		634026B12014C49400ED8058 /* PlayerCell.xib in Resources */ = {isa = PBXBuildFile; fileRef = 634026AF2014C49400ED8058 /* PlayerCell.xib */; };
/* End PBXBuildFile section */

/* Begin PBXFileReference section */
		05950A5DC24A429382C09682 /* Pods-HastenProject.release.xcconfig */ = {isa = PBXFileReference; includeInIndex = 1; lastKnownFileType = text.xcconfig; name = "Pods-HastenProject.release.xcconfig"; path = "Pods/Target Support Files/Pods-HastenProject/Pods-HastenProject.release.xcconfig"; sourceTree = "<group>"; };
		634026892014B15200ED8058 /* HastenProject.app */ = {isa = PBXFileReference; explicitFileType = wrapper.application; includeInIndex = 0; path = HastenProject.app; sourceTree = BUILT_PRODUCTS_DIR; };
		6340268C2014B15200ED8058 /* AppDelegate.swift */ = {isa = PBXFileReference; lastKnownFileType = sourcecode.swift; path = AppDelegate.swift; sourceTree = "<group>"; };
		634026912014B15200ED8058 /* Base */ = {isa = PBXFileReference; lastKnownFileType = file.storyboard; name = Base; path = Base.lproj/Main.storyboard; sourceTree = "<group>"; };
		634026932014B15200ED8058 /* Assets.xcassets */ = {isa = PBXFileReference; lastKnownFileType = folder.assetcatalog; path = Assets.xcassets; sourceTree = "<group>"; };
		634026962014B15200ED8058 /* Base */ = {isa = PBXFileReference; lastKnownFileType = file.storyboard; name = Base; path = Base.lproj/LaunchScreen.storyboard; sourceTree = "<group>"; };
		634026982014B15200ED8058 /* Info.plist */ = {isa = PBXFileReference; lastKnownFileType = text.plist.xml; path = Info.plist; sourceTree = "<group>"; };
		6340269E2014B31C00ED8058 /* SportsViewController.swift */ = {isa = PBXFileReference; lastKnownFileType = sourcecode.swift; path = SportsViewController.swift; sourceTree = "<group>"; };
		6340269F2014B31C00ED8058 /* SportsViewController.xib */ = {isa = PBXFileReference; lastKnownFileType = file.xib; path = SportsViewController.xib; sourceTree = "<group>"; };
		634026A42014B34900ED8058 /* Sport.swift */ = {isa = PBXFileReference; lastKnownFileType = sourcecode.swift; path = Sport.swift; sourceTree = "<group>"; };
		634026A62014B35200ED8058 /* Player.swift */ = {isa = PBXFileReference; lastKnownFileType = sourcecode.swift; path = Player.swift; sourceTree = "<group>"; };
		634026A92014B3F500ED8058 /* ApiDataSource.swift */ = {isa = PBXFileReference; lastKnownFileType = sourcecode.swift; path = ApiDataSource.swift; sourceTree = "<group>"; };
		634026AB2014B59200ED8058 /* SportsDataSource.swift */ = {isa = PBXFileReference; lastKnownFileType = sourcecode.swift; path = SportsDataSource.swift; sourceTree = "<group>"; };
		634026AE2014C49400ED8058 /* PlayerCell.swift */ = {isa = PBXFileReference; lastKnownFileType = sourcecode.swift; path = PlayerCell.swift; sourceTree = "<group>"; };
		634026AF2014C49400ED8058 /* PlayerCell.xib */ = {isa = PBXFileReference; lastKnownFileType = file.xib; path = PlayerCell.xib; sourceTree = "<group>"; };
		63A9E071A4683A66E8F50D7A /* Pods_HastenProject.framework */ = {isa = PBXFileReference; explicitFileType = wrapper.framework; includeInIndex = 0; path = Pods_HastenProject.framework; sourceTree = BUILT_PRODUCTS_DIR; };
		943D1C6343BC6A9BA380CF2C /* Pods-HastenProject.debug.xcconfig */ = {isa = PBXFileReference; includeInIndex = 1; lastKnownFileType = text.xcconfig; name = "Pods-HastenProject.debug.xcconfig"; path = "Pods/Target Support Files/Pods-HastenProject/Pods-HastenProject.debug.xcconfig"; sourceTree = "<group>"; };
/* End PBXFileReference section */

/* Begin PBXFrameworksBuildPhase section */
		634026862014B15200ED8058 /* Frameworks */ = {
			isa = PBXFrameworksBuildPhase;
			buildActionMask = 2147483647;
			files = (
				37EE687684C9B46DD5FCF9F7 /* Pods_HastenProject.framework in Frameworks */,
			);
			runOnlyForDeploymentPostprocessing = 0;
		};
/* End PBXFrameworksBuildPhase section */

/* Begin PBXGroup section */
		634026802014B15200ED8058 = {
			isa = PBXGroup;
			children = (
				6340268B2014B15200ED8058 /* HastenProject */,
				6340268A2014B15200ED8058 /* Products */,
				A268C6D05A30A6887FE5B1AA /* Pods */,
				960530C76280826D27FA686C /* Frameworks */,
			);
			sourceTree = "<group>";
		};
		6340268A2014B15200ED8058 /* Products */ = {
			isa = PBXGroup;
			children = (
				634026892014B15200ED8058 /* HastenProject.app */,
			);
			name = Products;
			sourceTree = "<group>";
		};
		6340268B2014B15200ED8058 /* HastenProject */ = {
			isa = PBXGroup;
			children = (
				6340268C2014B15200ED8058 /* AppDelegate.swift */,
				634026902014B15200ED8058 /* Main.storyboard */,
				634026AD2014B6A700ED8058 /* DataSource */,
				634026A82014B3CB00ED8058 /* Models */,
				634026A22014B32200ED8058 /* Controllers */,
				634026A32014B32B00ED8058 /* Views */,
				634026932014B15200ED8058 /* Assets.xcassets */,
				634026952014B15200ED8058 /* LaunchScreen.storyboard */,
				634026982014B15200ED8058 /* Info.plist */,
			);
			path = HastenProject;
			sourceTree = "<group>";
		};
		634026A22014B32200ED8058 /* Controllers */ = {
			isa = PBXGroup;
			children = (
				6340269E2014B31C00ED8058 /* SportsViewController.swift */,
				634026AE2014C49400ED8058 /* PlayerCell.swift */,
			);
			path = Controllers;
			sourceTree = "<group>";
		};
		634026A32014B32B00ED8058 /* Views */ = {
			isa = PBXGroup;
			children = (
				6340269F2014B31C00ED8058 /* SportsViewController.xib */,
				634026AF2014C49400ED8058 /* PlayerCell.xib */,
			);
			path = Views;
			sourceTree = "<group>";
		};
		634026A82014B3CB00ED8058 /* Models */ = {
			isa = PBXGroup;
			children = (
				634026A42014B34900ED8058 /* Sport.swift */,
				634026A62014B35200ED8058 /* Player.swift */,
			);
			path = Models;
			sourceTree = "<group>";
		};
		634026AD2014B6A700ED8058 /* DataSource */ = {
			isa = PBXGroup;
			children = (
				634026A92014B3F500ED8058 /* ApiDataSource.swift */,
				634026AB2014B59200ED8058 /* SportsDataSource.swift */,
			);
			path = DataSource;
			sourceTree = "<group>";
		};
		960530C76280826D27FA686C /* Frameworks */ = {
			isa = PBXGroup;
			children = (
				63A9E071A4683A66E8F50D7A /* Pods_HastenProject.framework */,
			);
			name = Frameworks;
			sourceTree = "<group>";
		};
		A268C6D05A30A6887FE5B1AA /* Pods */ = {
			isa = PBXGroup;
			children = (
				943D1C6343BC6A9BA380CF2C /* Pods-HastenProject.debug.xcconfig */,
				05950A5DC24A429382C09682 /* Pods-HastenProject.release.xcconfig */,
			);
			name = Pods;
			sourceTree = "<group>";
		};
/* End PBXGroup section */

/* Begin PBXNativeTarget section */
		634026882014B15200ED8058 /* HastenProject */ = {
			isa = PBXNativeTarget;
			buildConfigurationList = 6340269B2014B15200ED8058 /* Build configuration list for PBXNativeTarget "HastenProject" */;
			buildPhases = (
				4B61453E152B6AFE016A5BFA /* [CP] Check Pods Manifest.lock */,
				634026852014B15200ED8058 /* Sources */,
				634026862014B15200ED8058 /* Frameworks */,
				634026872014B15200ED8058 /* Resources */,
				2215A3CECB80757CB2E00A65 /* [CP] Embed Pods Frameworks */,
				CB260D322852B9AAA9FBBB7A /* [CP] Copy Pods Resources */,
			);
			buildRules = (
			);
			dependencies = (
			);
			name = HastenProject;
			productName = HastenProject;
			productReference = 634026892014B15200ED8058 /* HastenProject.app */;
			productType = "com.apple.product-type.application";
		};
/* End PBXNativeTarget section */

/* Begin PBXProject section */
		634026812014B15200ED8058 /* Project object */ = {
			isa = PBXProject;
			attributes = {
				LastSwiftUpdateCheck = 0920;
				LastUpgradeCheck = 0920;
				ORGANIZATIONNAME = Marcelo;
				TargetAttributes = {
					634026882014B15200ED8058 = {
						CreatedOnToolsVersion = 9.2;
						ProvisioningStyle = Automatic;
					};
				};
			};
			buildConfigurationList = 634026842014B15200ED8058 /* Build configuration list for PBXProject "HastenProject" */;
			compatibilityVersion = "Xcode 8.0";
			developmentRegion = en;
			hasScannedForEncodings = 0;
			knownRegions = (
				en,
				Base,
			);
			mainGroup = 634026802014B15200ED8058;
			productRefGroup = 6340268A2014B15200ED8058 /* Products */;
			projectDirPath = "";
			projectRoot = "";
			targets = (
				634026882014B15200ED8058 /* HastenProject */,
			);
		};
/* End PBXProject section */

/* Begin PBXResourcesBuildPhase section */
		634026872014B15200ED8058 /* Resources */ = {
			isa = PBXResourcesBuildPhase;
			buildActionMask = 2147483647;
			files = (
				634026972014B15200ED8058 /* LaunchScreen.storyboard in Resources */,
				634026942014B15200ED8058 /* Assets.xcassets in Resources */,
				634026922014B15200ED8058 /* Main.storyboard in Resources */,
				634026B12014C49400ED8058 /* PlayerCell.xib in Resources */,
				634026A12014B31C00ED8058 /* SportsViewController.xib in Resources */,
			);
			runOnlyForDeploymentPostprocessing = 0;
		};
/* End PBXResourcesBuildPhase section */

/* Begin PBXShellScriptBuildPhase section */
		2215A3CECB80757CB2E00A65 /* [CP] Embed Pods Frameworks */ = {
			isa = PBXShellScriptBuildPhase;
			buildActionMask = 2147483647;
			files = (
			);
			inputPaths = (
				"${SRCROOT}/Pods/Target Support Files/Pods-HastenProject/Pods-HastenProject-frameworks.sh",
				"${BUILT_PRODUCTS_DIR}/Alamofire/Alamofire.framework",
				"${BUILT_PRODUCTS_DIR}/Gloss/Gloss.framework",
				"${BUILT_PRODUCTS_DIR}/Kingfisher/Kingfisher.framework",
				"${BUILT_PRODUCTS_DIR}/Moya/Moya.framework",
				"${BUILT_PRODUCTS_DIR}/Result/Result.framework",
			);
			name = "[CP] Embed Pods Frameworks";
			outputPaths = (
				"${TARGET_BUILD_DIR}/${FRAMEWORKS_FOLDER_PATH}/Alamofire.framework",
				"${TARGET_BUILD_DIR}/${FRAMEWORKS_FOLDER_PATH}/Gloss.framework",
				"${TARGET_BUILD_DIR}/${FRAMEWORKS_FOLDER_PATH}/Kingfisher.framework",
				"${TARGET_BUILD_DIR}/${FRAMEWORKS_FOLDER_PATH}/Moya.framework",
				"${TARGET_BUILD_DIR}/${FRAMEWORKS_FOLDER_PATH}/Result.framework",
			);
			runOnlyForDeploymentPostprocessing = 0;
			shellPath = /bin/sh;
			shellScript = "\"${SRCROOT}/Pods/Target Support Files/Pods-HastenProject/Pods-HastenProject-frameworks.sh\"\n";
			showEnvVarsInLog = 0;
		};
		4B61453E152B6AFE016A5BFA /* [CP] Check Pods Manifest.lock */ = {
			isa = PBXShellScriptBuildPhase;
			buildActionMask = 2147483647;
			files = (
			);
			inputPaths = (
				"${PODS_PODFILE_DIR_PATH}/Podfile.lock",
				"${PODS_ROOT}/Manifest.lock",
			);
			name = "[CP] Check Pods Manifest.lock";
			outputPaths = (
				"$(DERIVED_FILE_DIR)/Pods-HastenProject-checkManifestLockResult.txt",
			);
			runOnlyForDeploymentPostprocessing = 0;
			shellPath = /bin/sh;
			shellScript = "diff \"${PODS_PODFILE_DIR_PATH}/Podfile.lock\" \"${PODS_ROOT}/Manifest.lock\" > /dev/null\nif [ $? != 0 ] ; then\n    # print error to STDERR\n    echo \"error: The sandbox is not in sync with the Podfile.lock. Run 'pod install' or update your CocoaPods installation.\" >&2\n    exit 1\nfi\n# This output is used by Xcode 'outputs' to avoid re-running this script phase.\necho \"SUCCESS\" > \"${SCRIPT_OUTPUT_FILE_0}\"\n";
			showEnvVarsInLog = 0;
		};
		CB260D322852B9AAA9FBBB7A /* [CP] Copy Pods Resources */ = {
			isa = PBXShellScriptBuildPhase;
			buildActionMask = 2147483647;
			files = (
			);
			inputPaths = (
			);
			name = "[CP] Copy Pods Resources";
			outputPaths = (
			);
			runOnlyForDeploymentPostprocessing = 0;
			shellPath = /bin/sh;
			shellScript = "\"${SRCROOT}/Pods/Target Support Files/Pods-HastenProject/Pods-HastenProject-resources.sh\"\n";
			showEnvVarsInLog = 0;
		};
/* End PBXShellScriptBuildPhase section */

/* Begin PBXSourcesBuildPhase section */
		634026852014B15200ED8058 /* Sources */ = {
			isa = PBXSourcesBuildPhase;
			buildActionMask = 2147483647;
			files = (
				634026A72014B35200ED8058 /* Player.swift in Sources */,
				6340268D2014B15200ED8058 /* AppDelegate.swift in Sources */,
				634026B02014C49400ED8058 /* PlayerCell.swift in Sources */,
				634026AA2014B3F500ED8058 /* ApiDataSource.swift in Sources */,
				634026A52014B34900ED8058 /* Sport.swift in Sources */,
				634026A02014B31C00ED8058 /* SportsViewController.swift in Sources */,
				634026AC2014B59200ED8058 /* SportsDataSource.swift in Sources */,
			);
			runOnlyForDeploymentPostprocessing = 0;
		};
/* End PBXSourcesBuildPhase section */

/* Begin PBXVariantGroup section */
		634026902014B15200ED8058 /* Main.storyboard */ = {
			isa = PBXVariantGroup;
			children = (
				634026912014B15200ED8058 /* Base */,
			);
			name = Main.storyboard;
			sourceTree = "<group>";
		};
		634026952014B15200ED8058 /* LaunchScreen.storyboard */ = {
			isa = PBXVariantGroup;
			children = (
				634026962014B15200ED8058 /* Base */,
			);
			name = LaunchScreen.storyboard;
			sourceTree = "<group>";
		};
/* End PBXVariantGroup section */

/* Begin XCBuildConfiguration section */
		634026992014B15200ED8058 /* Debug */ = {
			isa = XCBuildConfiguration;
			buildSettings = {
				ALWAYS_SEARCH_USER_PATHS = NO;
				CLANG_ANALYZER_NONNULL = YES;
				CLANG_ANALYZER_NUMBER_OBJECT_CONVERSION = YES_AGGRESSIVE;
				CLANG_CXX_LANGUAGE_STANDARD = "gnu++14";
				CLANG_CXX_LIBRARY = "libc++";
				CLANG_ENABLE_MODULES = YES;
				CLANG_ENABLE_OBJC_ARC = YES;
				CLANG_WARN_BLOCK_CAPTURE_AUTORELEASING = YES;
				CLANG_WARN_BOOL_CONVERSION = YES;
				CLANG_WARN_COMMA = YES;
				CLANG_WARN_CONSTANT_CONVERSION = YES;
				CLANG_WARN_DIRECT_OBJC_ISA_USAGE = YES_ERROR;
				CLANG_WARN_DOCUMENTATION_COMMENTS = YES;
				CLANG_WARN_EMPTY_BODY = YES;
				CLANG_WARN_ENUM_CONVERSION = YES;
				CLANG_WARN_INFINITE_RECURSION = YES;
				CLANG_WARN_INT_CONVERSION = YES;
				CLANG_WARN_NON_LITERAL_NULL_CONVERSION = YES;
				CLANG_WARN_OBJC_LITERAL_CONVERSION = YES;
				CLANG_WARN_OBJC_ROOT_CLASS = YES_ERROR;
				CLANG_WARN_RANGE_LOOP_ANALYSIS = YES;
				CLANG_WARN_STRICT_PROTOTYPES = YES;
				CLANG_WARN_SUSPICIOUS_MOVE = YES;
				CLANG_WARN_UNGUARDED_AVAILABILITY = YES_AGGRESSIVE;
				CLANG_WARN_UNREACHABLE_CODE = YES;
				CLANG_WARN__DUPLICATE_METHOD_MATCH = YES;
				CODE_SIGN_IDENTITY = "iPhone Developer";
				COPY_PHASE_STRIP = NO;
				DEBUG_INFORMATION_FORMAT = dwarf;
				ENABLE_STRICT_OBJC_MSGSEND = YES;
				ENABLE_TESTABILITY = YES;
				GCC_C_LANGUAGE_STANDARD = gnu11;
				GCC_DYNAMIC_NO_PIC = NO;
				GCC_NO_COMMON_BLOCKS = YES;
				GCC_OPTIMIZATION_LEVEL = 0;
				GCC_PREPROCESSOR_DEFINITIONS = (
					"DEBUG=1",
					"$(inherited)",
				);
				GCC_WARN_64_TO_32_BIT_CONVERSION = YES;
				GCC_WARN_ABOUT_RETURN_TYPE = YES_ERROR;
				GCC_WARN_UNDECLARED_SELECTOR = YES;
				GCC_WARN_UNINITIALIZED_AUTOS = YES_AGGRESSIVE;
				GCC_WARN_UNUSED_FUNCTION = YES;
				GCC_WARN_UNUSED_VARIABLE = YES;
				IPHONEOS_DEPLOYMENT_TARGET = 11.2;
				MTL_ENABLE_DEBUG_INFO = YES;
				ONLY_ACTIVE_ARCH = YES;
				SDKROOT = iphoneos;
				SWIFT_ACTIVE_COMPILATION_CONDITIONS = DEBUG;
				SWIFT_OPTIMIZATION_LEVEL = "-Onone";
			};
			name = Debug;
		};
		6340269A2014B15200ED8058 /* Release */ = {
			isa = XCBuildConfiguration;
			buildSettings = {
				ALWAYS_SEARCH_USER_PATHS = NO;
				CLANG_ANALYZER_NONNULL = YES;
				CLANG_ANALYZER_NUMBER_OBJECT_CONVERSION = YES_AGGRESSIVE;
				CLANG_CXX_LANGUAGE_STANDARD = "gnu++14";
				CLANG_CXX_LIBRARY = "libc++";
				CLANG_ENABLE_MODULES = YES;
				CLANG_ENABLE_OBJC_ARC = YES;
				CLANG_WARN_BLOCK_CAPTURE_AUTORELEASING = YES;
				CLANG_WARN_BOOL_CONVERSION = YES;
				CLANG_WARN_COMMA = YES;
				CLANG_WARN_CONSTANT_CONVERSION = YES;
				CLANG_WARN_DIRECT_OBJC_ISA_USAGE = YES_ERROR;
				CLANG_WARN_DOCUMENTATION_COMMENTS = YES;
				CLANG_WARN_EMPTY_BODY = YES;
				CLANG_WARN_ENUM_CONVERSION = YES;
				CLANG_WARN_INFINITE_RECURSION = YES;
				CLANG_WARN_INT_CONVERSION = YES;
				CLANG_WARN_NON_LITERAL_NULL_CONVERSION = YES;
				CLANG_WARN_OBJC_LITERAL_CONVERSION = YES;
				CLANG_WARN_OBJC_ROOT_CLASS = YES_ERROR;
				CLANG_WARN_RANGE_LOOP_ANALYSIS = YES;
				CLANG_WARN_STRICT_PROTOTYPES = YES;
				CLANG_WARN_SUSPICIOUS_MOVE = YES;
				CLANG_WARN_UNGUARDED_AVAILABILITY = YES_AGGRESSIVE;
				CLANG_WARN_UNREACHABLE_CODE = YES;
				CLANG_WARN__DUPLICATE_METHOD_MATCH = YES;
				CODE_SIGN_IDENTITY = "iPhone Developer";
				COPY_PHASE_STRIP = NO;
				DEBUG_INFORMATION_FORMAT = "dwarf-with-dsym";
				ENABLE_NS_ASSERTIONS = NO;
				ENABLE_STRICT_OBJC_MSGSEND = YES;
				GCC_C_LANGUAGE_STANDARD = gnu11;
				GCC_NO_COMMON_BLOCKS = YES;
				GCC_WARN_64_TO_32_BIT_CONVERSION = YES;
				GCC_WARN_ABOUT_RETURN_TYPE = YES_ERROR;
				GCC_WARN_UNDECLARED_SELECTOR = YES;
				GCC_WARN_UNINITIALIZED_AUTOS = YES_AGGRESSIVE;
				GCC_WARN_UNUSED_FUNCTION = YES;
				GCC_WARN_UNUSED_VARIABLE = YES;
				IPHONEOS_DEPLOYMENT_TARGET = 11.2;
				MTL_ENABLE_DEBUG_INFO = NO;
				SDKROOT = iphoneos;
				SWIFT_OPTIMIZATION_LEVEL = "-Owholemodule";
				VALIDATE_PRODUCT = YES;
			};
			name = Release;
		};
		6340269C2014B15200ED8058 /* Debug */ = {
			isa = XCBuildConfiguration;
			baseConfigurationReference = 943D1C6343BC6A9BA380CF2C /* Pods-HastenProject.debug.xcconfig */;
			buildSettings = {
				ASSETCATALOG_COMPILER_APPICON_NAME = AppIcon;
				CODE_SIGN_STYLE = Automatic;
				DEVELOPMENT_TEAM = 437V95VV9R;
				INFOPLIST_FILE = HastenProject/Info.plist;
				LD_RUNPATH_SEARCH_PATHS = "$(inherited) @executable_path/Frameworks";
				PRODUCT_BUNDLE_IDENTIFIER = Marcelo.HastenProject;
				PRODUCT_NAME = "$(TARGET_NAME)";
				SWIFT_VERSION = 4.0;
				TARGETED_DEVICE_FAMILY = "1,2";
			};
			name = Debug;
		};
		6340269D2014B15200ED8058 /* Release */ = {
			isa = XCBuildConfiguration;
			baseConfigurationReference = 05950A5DC24A429382C09682 /* Pods-HastenProject.release.xcconfig */;
			buildSettings = {
				ASSETCATALOG_COMPILER_APPICON_NAME = AppIcon;
				CODE_SIGN_STYLE = Automatic;
				DEVELOPMENT_TEAM = 437V95VV9R;
				INFOPLIST_FILE = HastenProject/Info.plist;
				LD_RUNPATH_SEARCH_PATHS = "$(inherited) @executable_path/Frameworks";
				PRODUCT_BUNDLE_IDENTIFIER = Marcelo.HastenProject;
				PRODUCT_NAME = "$(TARGET_NAME)";
				SWIFT_VERSION = 4.0;
				TARGETED_DEVICE_FAMILY = "1,2";
			};
			name = Release;
		};
/* End XCBuildConfiguration section */

/* Begin XCConfigurationList section */
		634026842014B15200ED8058 /* Build configuration list for PBXProject "HastenProject" */ = {
			isa = XCConfigurationList;
			buildConfigurations = (
				634026992014B15200ED8058 /* Debug */,
				6340269A2014B15200ED8058 /* Release */,
			);
			defaultConfigurationIsVisible = 0;
			defaultConfigurationName = Release;
		};
		6340269B2014B15200ED8058 /* Build configuration list for PBXNativeTarget "HastenProject" */ = {
			isa = XCConfigurationList;
			buildConfigurations = (
				6340269C2014B15200ED8058 /* Debug */,
				6340269D2014B15200ED8058 /* Release */,
			);
			defaultConfigurationIsVisible = 0;
			defaultConfigurationName = Release;
		};
/* End XCConfigurationList section */
	};
	rootObject = 634026812014B15200ED8058 /* Project object */;
}
